
Microsoft Visual Studio Solution File, Format Version 11.00
# Visual Studio 2010
Project("{FAE04EC0-301F-11D3-BF4B-00C04F79EFBC}") = "ALE", "ALE\ALE.csproj", "{48CE219E-2D15-46D8-889F-52E04D110097}"
EndProject
Project("{FAE04EC0-301F-11D3-BF4B-00C04F79EFBC}") = "ALE.Tests", "ALE.Tests\ALE.Tests.csproj", "{C0DCF894-5025-44A9-BCF2-1FD803EC3A10}"
EndProject
Project("{2150E333-8FDC-42A3-9474-1A3956D46DE8}") = "Solution Items", "Solution Items", "{FDD27A3F-ED59-4239-AC68-0EA80B1F91B2}"
	ProjectSection(SolutionItems) = preProject
		ALE.vsmdi = ALE.vsmdi
		license.txt = license.txt
		Local.testsettings = Local.testsettings
		README.md = README.md
		TraceAndTestImpact.testsettings = TraceAndTestImpact.testsettings
	EndProjectSection
EndProject
Project("{FAE04EC0-301F-11D3-BF4B-00C04F79EFBC}") = "ALE.ConsoleTest", "ALE.ConsoleTest\ALE.ConsoleTest.csproj", "{7AEA9929-B496-425F-8F80-DE270504940A}"
EndProject
Project("{FAE04EC0-301F-11D3-BF4B-00C04F79EFBC}") = "AleIISTest", "AleIISTest\AleIISTest.csproj", "{8F4D3FC9-5F19-410E-8B26-DAAD61BA6266}"
EndProject
Project("{FAE04EC0-301F-11D3-BF4B-00C04F79EFBC}") = "ALE.Web", "ALE.Web\ALE.Web.csproj", "{799DEAB2-BC16-4EDA-93F7-C0214E4D355B}"
EndProject
Project("{FAE04EC0-301F-11D3-BF4B-00C04F79EFBC}") = "ALE.Http", "ALE.Http\ALE.Http.csproj", "{3CB804B8-474A-4399-8E69-12EBB533CBEC}"
EndProject
Project("{FAE04EC0-301F-11D3-BF4B-00C04F79EFBC}") = "ALE.Views.Razor", "ALE.Views.Razor\ALE.Views.Razor.csproj", "{36A64DC1-B883-49DC-BDB8-21FDC8987D0B}"
EndProject
Project("{FAE04EC0-301F-11D3-BF4B-00C04F79EFBC}") = "ALE.Sql", "ALE.Sql\ALE.Sql.csproj", "{54C95345-6D76-485F-927E-6B5C78DBE639}"
EndProject
Global
	GlobalSection(TestCaseManagementSettings) = postSolution
		CategoryFile = ALE.vsmdi
	EndGlobalSection
	GlobalSection(SolutionConfigurationPlatforms) = preSolution
		Debug|Any CPU = Debug|Any CPU
		Debug|Mixed Platforms = Debug|Mixed Platforms
		Debug|x86 = Debug|x86
		Release|Any CPU = Release|Any CPU
		Release|Mixed Platforms = Release|Mixed Platforms
		Release|x86 = Release|x86
	EndGlobalSection
	GlobalSection(ProjectConfigurationPlatforms) = postSolution
		{48CE219E-2D15-46D8-889F-52E04D110097}.Debug|Any CPU.ActiveCfg = Debug|Any CPU
		{48CE219E-2D15-46D8-889F-52E04D110097}.Debug|Any CPU.Build.0 = Debug|Any CPU
		{48CE219E-2D15-46D8-889F-52E04D110097}.Debug|Mixed Platforms.ActiveCfg = Debug|Any CPU
		{48CE219E-2D15-46D8-889F-52E04D110097}.Debug|Mixed Platforms.Build.0 = Debug|Any CPU
		{48CE219E-2D15-46D8-889F-52E04D110097}.Debug|x86.ActiveCfg = Debug|Any CPU
		{48CE219E-2D15-46D8-889F-52E04D110097}.Release|Any CPU.ActiveCfg = Release|Any CPU
		{48CE219E-2D15-46D8-889F-52E04D110097}.Release|Any CPU.Build.0 = Release|Any CPU
		{48CE219E-2D15-46D8-889F-52E04D110097}.Release|Mixed Platforms.ActiveCfg = Release|Any CPU
		{48CE219E-2D15-46D8-889F-52E04D110097}.Release|Mixed Platforms.Build.0 = Release|Any CPU
		{48CE219E-2D15-46D8-889F-52E04D110097}.Release|x86.ActiveCfg = Release|Any CPU
		{C0DCF894-5025-44A9-BCF2-1FD803EC3A10}.Debug|Any CPU.ActiveCfg = Debug|Any CPU
		{C0DCF894-5025-44A9-BCF2-1FD803EC3A10}.Debug|Any CPU.Build.0 = Debug|Any CPU
		{C0DCF894-5025-44A9-BCF2-1FD803EC3A10}.Debug|Mixed Platforms.ActiveCfg = Debug|Any CPU
		{C0DCF894-5025-44A9-BCF2-1FD803EC3A10}.Debug|Mixed Platforms.Build.0 = Debug|Any CPU
		{C0DCF894-5025-44A9-BCF2-1FD803EC3A10}.Debug|x86.ActiveCfg = Debug|Any CPU
		{C0DCF894-5025-44A9-BCF2-1FD803EC3A10}.Release|Any CPU.ActiveCfg = Release|Any CPU
		{C0DCF894-5025-44A9-BCF2-1FD803EC3A10}.Release|Any CPU.Build.0 = Release|Any CPU
		{C0DCF894-5025-44A9-BCF2-1FD803EC3A10}.Release|Mixed Platforms.ActiveCfg = Release|Any CPU
		{C0DCF894-5025-44A9-BCF2-1FD803EC3A10}.Release|Mixed Platforms.Build.0 = Release|Any CPU
		{C0DCF894-5025-44A9-BCF2-1FD803EC3A10}.Release|x86.ActiveCfg = Release|Any CPU
		{7AEA9929-B496-425F-8F80-DE270504940A}.Debug|Any CPU.ActiveCfg = Debug|x86
		{7AEA9929-B496-425F-8F80-DE270504940A}.Debug|Mixed Platforms.ActiveCfg = Debug|x86
		{7AEA9929-B496-425F-8F80-DE270504940A}.Debug|Mixed Platforms.Build.0 = Debug|x86
		{7AEA9929-B496-425F-8F80-DE270504940A}.Debug|x86.ActiveCfg = Debug|x86
		{7AEA9929-B496-425F-8F80-DE270504940A}.Debug|x86.Build.0 = Debug|x86
		{7AEA9929-B496-425F-8F80-DE270504940A}.Release|Any CPU.ActiveCfg = Release|x86
		{7AEA9929-B496-425F-8F80-DE270504940A}.Release|Mixed Platforms.ActiveCfg = Release|x86
		{7AEA9929-B496-425F-8F80-DE270504940A}.Release|Mixed Platforms.Build.0 = Release|x86
		{7AEA9929-B496-425F-8F80-DE270504940A}.Release|x86.ActiveCfg = Release|x86
		{7AEA9929-B496-425F-8F80-DE270504940A}.Release|x86.Build.0 = Release|x86
		{8F4D3FC9-5F19-410E-8B26-DAAD61BA6266}.Debug|Any CPU.ActiveCfg = Debug|Any CPU
		{8F4D3FC9-5F19-410E-8B26-DAAD61BA6266}.Debug|Any CPU.Build.0 = Debug|Any CPU
		{8F4D3FC9-5F19-410E-8B26-DAAD61BA6266}.Debug|Mixed Platforms.ActiveCfg = Debug|Any CPU
		{8F4D3FC9-5F19-410E-8B26-DAAD61BA6266}.Debug|Mixed Platforms.Build.0 = Debug|Any CPU
		{8F4D3FC9-5F19-410E-8B26-DAAD61BA6266}.Debug|x86.ActiveCfg = Debug|Any CPU
		{8F4D3FC9-5F19-410E-8B26-DAAD61BA6266}.Release|Any CPU.ActiveCfg = Release|Any CPU
		{8F4D3FC9-5F19-410E-8B26-DAAD61BA6266}.Release|Any CPU.Build.0 = Release|Any CPU
		{8F4D3FC9-5F19-410E-8B26-DAAD61BA6266}.Release|Mixed Platforms.ActiveCfg = Release|Any CPU
		{8F4D3FC9-5F19-410E-8B26-DAAD61BA6266}.Release|Mixed Platforms.Build.0 = Release|Any CPU
		{8F4D3FC9-5F19-410E-8B26-DAAD61BA6266}.Release|x86.ActiveCfg = Release|Any CPU
		{799DEAB2-BC16-4EDA-93F7-C0214E4D355B}.Debug|Any CPU.ActiveCfg = Debug|Any CPU
		{799DEAB2-BC16-4EDA-93F7-C0214E4D355B}.Debug|Any CPU.Build.0 = Debug|Any CPU
		{799DEAB2-BC16-4EDA-93F7-C0214E4D355B}.Debug|Mixed Platforms.ActiveCfg = Debug|Any CPU
		{799DEAB2-BC16-4EDA-93F7-C0214E4D355B}.Debug|Mixed Platforms.Build.0 = Debug|Any CPU
		{799DEAB2-BC16-4EDA-93F7-C0214E4D355B}.Debug|x86.ActiveCfg = Debug|Any CPU
		{799DEAB2-BC16-4EDA-93F7-C0214E4D355B}.Release|Any CPU.ActiveCfg = Release|Any CPU
		{799DEAB2-BC16-4EDA-93F7-C0214E4D355B}.Release|Any CPU.Build.0 = Release|Any CPU
		{799DEAB2-BC16-4EDA-93F7-C0214E4D355B}.Release|Mixed Platforms.ActiveCfg = Release|Any CPU
		{799DEAB2-BC16-4EDA-93F7-C0214E4D355B}.Release|Mixed Platforms.Build.0 = Release|Any CPU
		{799DEAB2-BC16-4EDA-93F7-C0214E4D355B}.Release|x86.ActiveCfg = Release|Any CPU
		{3CB804B8-474A-4399-8E69-12EBB533CBEC}.Debug|Any CPU.ActiveCfg = Debug|Any CPU
		{3CB804B8-474A-4399-8E69-12EBB533CBEC}.Debug|Any CPU.Build.0 = Debug|Any CPU
		{3CB804B8-474A-4399-8E69-12EBB533CBEC}.Debug|Mixed Platforms.ActiveCfg = Debug|Any CPU
		{3CB804B8-474A-4399-8E69-12EBB533CBEC}.Debug|Mixed Platforms.Build.0 = Debug|Any CPU
		{3CB804B8-474A-4399-8E69-12EBB533CBEC}.Debug|x86.ActiveCfg = Debug|Any CPU
		{3CB804B8-474A-4399-8E69-12EBB533CBEC}.Release|Any CPU.ActiveCfg = Release|Any CPU
		{3CB804B8-474A-4399-8E69-12EBB533CBEC}.Release|Any CPU.Build.0 = Release|Any CPU
		{3CB804B8-474A-4399-8E69-12EBB533CBEC}.Release|Mixed Platforms.ActiveCfg = Release|Any CPU
		{3CB804B8-474A-4399-8E69-12EBB533CBEC}.Release|Mixed Platforms.Build.0 = Release|Any CPU
		{3CB804B8-474A-4399-8E69-12EBB533CBEC}.Release|x86.ActiveCfg = Release|Any CPU
		{36A64DC1-B883-49DC-BDB8-21FDC8987D0B}.Debug|Any CPU.ActiveCfg = Debug|Any CPU
		{36A64DC1-B883-49DC-BDB8-21FDC8987D0B}.Debug|Any CPU.Build.0 = Debug|Any CPU
		{36A64DC1-B883-49DC-BDB8-21FDC8987D0B}.Debug|Mixed Platforms.ActiveCfg = Debug|Any CPU
		{36A64DC1-B883-49DC-BDB8-21FDC8987D0B}.Debug|Mixed Platforms.Build.0 = Debug|Any CPU
		{36A64DC1-B883-49DC-BDB8-21FDC8987D0B}.Debug|x86.ActiveCfg = Debug|Any CPU
		{36A64DC1-B883-49DC-BDB8-21FDC8987D0B}.Release|Any CPU.ActiveCfg = Release|Any CPU
		{36A64DC1-B883-49DC-BDB8-21FDC8987D0B}.Release|Any CPU.Build.0 = Release|Any CPU
		{36A64DC1-B883-49DC-BDB8-21FDC8987D0B}.Release|Mixed Platforms.ActiveCfg = Release|Any CPU
		{36A64DC1-B883-49DC-BDB8-21FDC8987D0B}.Release|Mixed Platforms.Build.0 = Release|Any CPU
		{36A64DC1-B883-49DC-BDB8-21FDC8987D0B}.Release|x86.ActiveCfg = Release|Any CPU
		{54C95345-6D76-485F-927E-6B5C78DBE639}.Debug|Any CPU.ActiveCfg = Debug|Any CPU
		{54C95345-6D76-485F-927E-6B5C78DBE639}.Debug|Any CPU.Build.0 = Debug|Any CPU
		{54C95345-6D76-485F-927E-6B5C78DBE639}.Debug|Mixed Platforms.ActiveCfg = Debug|Any CPU
		{54C95345-6D76-485F-927E-6B5C78DBE639}.Debug|Mixed Platforms.Build.0 = Debug|Any CPU
		{54C95345-6D76-485F-927E-6B5C78DBE639}.Debug|x86.ActiveCfg = Debug|Any CPU
		{54C95345-6D76-485F-927E-6B5C78DBE639}.Release|Any CPU.ActiveCfg = Release|Any CPU
		{54C95345-6D76-485F-927E-6B5C78DBE639}.Release|Any CPU.Build.0 = Release|Any CPU
		{54C95345-6D76-485F-927E-6B5C78DBE639}.Release|Mixed Platforms.ActiveCfg = Release|Any CPU
		{54C95345-6D76-485F-927E-6B5C78DBE639}.Release|Mixed Platforms.Build.0 = Release|Any CPU
		{54C95345-6D76-485F-927E-6B5C78DBE639}.Release|x86.ActiveCfg = Release|Any CPU
	EndGlobalSection
	GlobalSection(SolutionProperties) = preSolution
		HideSolutionNode = FALSE
	EndGlobalSection
EndGlobal
